{
  "name": "collab",
  "version": "1.0.0",
  "lockfileVersion": 1,
  "requires": true,
  "dependencies": {
    "arraydiff": {
      "version": "0.1.3",
      "resolved": "https://registry.npmjs.org/arraydiff/-/arraydiff-0.1.3.tgz",
      "integrity": "sha1-hqVDbXty8b3aX9bXTock5C+Dzk0="
    },
    "async": {
      "version": "1.5.2",
      "resolved": "https://registry.npmjs.org/async/-/async-1.5.2.tgz",
      "integrity": "sha1-7GphrlZIDAw8skHJVhjiCJL5Zyo="
    },
    "async-limiter": {
      "version": "1.0.0",
      "resolved": "https://registry.npmjs.org/async-limiter/-/async-limiter-1.0.0.tgz",
      "integrity": "sha512-jp/uFnooOiO+L211eZOoSyzpOITMXx1rBITauYykG3BRYPu8h0UcxsPNB04RR5vo4Tyz3+ay17tR6JVf9qzYWg=="
    },
    "deep-is": {
      "version": "0.1.3",
      "resolved": "https://registry.npmjs.org/deep-is/-/deep-is-0.1.3.tgz",
      "integrity": "sha1-s2nW+128E+7PUk+RsHD+7cNXzzQ="
    },
    "hat": {
      "version": "0.0.3",
      "resolved": "https://registry.npmjs.org/hat/-/hat-0.0.3.tgz",
      "integrity": "sha1-uwFKnmSzeIrtgAWRdBPU/z1QLYo="
    },
    "make-error": {
      "version": "1.3.5",
      "resolved": "https://registry.npmjs.org/make-error/-/make-error-1.3.5.tgz",
      "integrity": "sha512-c3sIjNUow0+8swNwVpqoH4YCShKNFkMaw6oH1mNS2haDZQqkeZFlHS3dhoeEbKKmJB4vXpJucU6oH75aDYeE9g=="
    },
    "ot-json0": {
      "version": "1.1.0",
      "resolved": "https://registry.npmjs.org/ot-json0/-/ot-json0-1.1.0.tgz",
      "integrity": "sha512-wf5fci7GGpMYRDnbbdIFQymvhsbFACMHtxjivQo5KgvAHlxekyfJ9aPsRr6YfFQthQkk4bmsl5yESrZwC/oMYQ=="
    },
    "sharedb": {
      "version": "1.0.0-beta.23",
      "resolved": "https://registry.npmjs.org/sharedb/-/sharedb-1.0.0-beta.23.tgz",
      "integrity": "sha512-Kb2AhiiUNnHNqA4Ls9F3xcUn3hz577k0LxIwalKaFbptCDW6A5eGM1XLihXRAi+M4UV3KEbpB/0fG4vhQHkB4g==",
      "requires": {
        "arraydiff": "^0.1.1",
        "async": "^1.4.2",
        "deep-is": "^0.1.3",
        "hat": "0.0.3",
        "make-error": "^1.1.1",
        "ot-json0": "^1.0.1"
      }
    },
    "websocket-json-stream": {
      "version": "0.0.3",
      "resolved": "https://registry.npmjs.org/websocket-json-stream/-/websocket-json-stream-0.0.3.tgz",
      "integrity": "sha1-5m63+QhhQlsffA1pnGTLaqzFF/g="
    },
    "ws": {
      "version": "7.1.0",
      "resolved": "https://registry.npmjs.org/ws/-/ws-7.1.0.tgz",
      "integrity": "sha512-Swie2C4fs7CkwlHu1glMePLYJJsWjzhl1vm3ZaLplD0h7OMkZyZ6kLTB/OagiU923bZrPFXuDTeEqaEN4NWG4g==",
      "requires": {
        "async-limiter": "^1.0.0"
      }
    }
  }
}
